
Microsoft Visual Studio Solution File, Format Version 12.00
# Visual Studio Version 17
VisualStudioVersion = 17.14.36310.24 d17.14
MinimumVisualStudioVersion = 10.0.40219.1
Project("{FAE04EC0-301F-11D3-BF4B-00C04F79EFBC}") = "Day01-ReverseString", "Day01-ReverseString.csproj", "{225F1656-DFBF-4C7A-9FAA-B3B3FD291275}"
EndProject
Global
	GlobalSection(SolutionConfigurationPlatforms) = preSolution
		Debug|Any CPU = Debug|Any CPU
		Release|Any CPU = Release|Any CPU
	EndGlobalSection
	GlobalSection(ProjectConfigurationPlatforms) = postSolution
		{225F1656-DFBF-4C7A-9FAA-B3B3FD291275}.Debug|Any CPU.ActiveCfg = Debug|Any CPU
		{225F1656-DFBF-4C7A-9FAA-B3B3FD291275}.Debug|Any CPU.Build.0 = Debug|Any CPU
		{225F1656-DFBF-4C7A-9FAA-B3B3FD291275}.Release|Any CPU.ActiveCfg = Release|Any CPU
		{225F1656-DFBF-4C7A-9FAA-B3B3FD291275}.Release|Any CPU.Build.0 = Release|Any CPU
	EndGlobalSection
	GlobalSection(SolutionProperties) = preSolution
		HideSolutionNode = FALSE
	EndGlobalSection
	GlobalSection(ExtensibilityGlobals) = postSolution
		SolutionGuid = {430345C4-5E01-4EC2-9943-C0A455B7C35F}
	EndGlobalSection
EndGlobal
