
Microsoft Visual Studio Solution File, Format Version 12.00
# Visual Studio Version 17
VisualStudioVersion = 17.14.36310.24 d17.14
MinimumVisualStudioVersion = 10.0.40219.1
Project("{FAE04EC0-301F-11D3-BF4B-00C04F79EFBC}") = "Day01-Calculator", "Day01-Calculator.csproj", "{92F0F921-D35B-4994-8817-E5C68CEDA4DB}"
EndProject
Global
	GlobalSection(SolutionConfigurationPlatforms) = preSolution
		Debug|Any CPU = Debug|Any CPU
		Release|Any CPU = Release|Any CPU
	EndGlobalSection
	GlobalSection(ProjectConfigurationPlatforms) = postSolution
		{92F0F921-D35B-4994-8817-E5C68CEDA4DB}.Debug|Any CPU.ActiveCfg = Debug|Any CPU
		{92F0F921-D35B-4994-8817-E5C68CEDA4DB}.Debug|Any CPU.Build.0 = Debug|Any CPU
		{92F0F921-D35B-4994-8817-E5C68CEDA4DB}.Release|Any CPU.ActiveCfg = Release|Any CPU
		{92F0F921-D35B-4994-8817-E5C68CEDA4DB}.Release|Any CPU.Build.0 = Release|Any CPU
	EndGlobalSection
	GlobalSection(SolutionProperties) = preSolution
		HideSolutionNode = FALSE
	EndGlobalSection
	GlobalSection(ExtensibilityGlobals) = postSolution
		SolutionGuid = {54AF4DA0-BBBE-435F-9010-1F69F929D496}
	EndGlobalSection
EndGlobal
